// !$*UTF8*$!
{
	archiveVersion = 1;
	classes = {
	};
	objectVersion = 56;
	objects = {

/* Begin PBXBuildFile section */
		1802128E2A1A423F00609F44 /* AppDelegate.swift in Sources */ = {isa = PBXBuildFile; fileRef = 1802128D2A1A423F00609F44 /* AppDelegate.swift */; };
		180212972A1A424200609F44 /* Assets.xcassets in Resources */ = {isa = PBXBuildFile; fileRef = 180212962A1A424200609F44 /* Assets.xcassets */; };
		1802129A2A1A424200609F44 /* LaunchScreen.storyboard in Resources */ = {isa = PBXBuildFile; fileRef = 180212982A1A424200609F44 /* LaunchScreen.storyboard */; };
		180212A52A1A424300609F44 /* CurrencyConverterTests.swift in Sources */ = {isa = PBXBuildFile; fileRef = 180212A42A1A424300609F44 /* CurrencyConverterTests.swift */; };
		180212AF2A1A424300609F44 /* CurrencyConverterUITests.swift in Sources */ = {isa = PBXBuildFile; fileRef = 180212AE2A1A424300609F44 /* CurrencyConverterUITests.swift */; };
		180212B12A1A424300609F44 /* CurrencyConverterUITestsLaunchTests.swift in Sources */ = {isa = PBXBuildFile; fileRef = 180212B02A1A424300609F44 /* CurrencyConverterUITestsLaunchTests.swift */; };
		180212C22A1A434000609F44 /* ConverterCurrencyController.swift in Sources */ = {isa = PBXBuildFile; fileRef = 180212C02A1A434000609F44 /* ConverterCurrencyController.swift */; };
		180212C32A1A434000609F44 /* ConverterCurrencyController.xib in Resources */ = {isa = PBXBuildFile; fileRef = 180212C12A1A434000609F44 /* ConverterCurrencyController.xib */; };
		180212CD2A1A43B100609F44 /* SelectCurrencyController.swift in Sources */ = {isa = PBXBuildFile; fileRef = 180212CB2A1A43B100609F44 /* SelectCurrencyController.swift */; };
		180212CE2A1A43B100609F44 /* SelectCurrencyController.xib in Resources */ = {isa = PBXBuildFile; fileRef = 180212CC2A1A43B100609F44 /* SelectCurrencyController.xib */; };
		180212D22A1A446900609F44 /* Colors.swift in Sources */ = {isa = PBXBuildFile; fileRef = 180212D12A1A446900609F44 /* Colors.swift */; };
		180212D52A1A451900609F44 /* SelectCurrency.swift in Sources */ = {isa = PBXBuildFile; fileRef = 180212D42A1A451900609F44 /* SelectCurrency.swift */; };
		180212DB2A1A4F7F00609F44 /* RefreshButton.swift in Sources */ = {isa = PBXBuildFile; fileRef = 180212DA2A1A4F7F00609F44 /* RefreshButton.swift */; };
		180212DC2A1A4F7F00609F44 /* RefreshButton.swift in Sources */ = {isa = PBXBuildFile; fileRef = 180212DA2A1A4F7F00609F44 /* RefreshButton.swift */; };
		180212DD2A1A4F7F00609F44 /* RefreshButton.swift in Sources */ = {isa = PBXBuildFile; fileRef = 180212DA2A1A4F7F00609F44 /* RefreshButton.swift */; };
		1843EBE32A1A6F5B007E034A /* SelectCurrencyCell.swift in Sources */ = {isa = PBXBuildFile; fileRef = 1843EBE12A1A6F5B007E034A /* SelectCurrencyCell.swift */; };
		1843EBE42A1A6F5B007E034A /* SelectCurrencyCell.xib in Resources */ = {isa = PBXBuildFile; fileRef = 1843EBE22A1A6F5B007E034A /* SelectCurrencyCell.xib */; };
		1843EBE72A1A6FD8007E034A /* ConfigureView.swift in Sources */ = {isa = PBXBuildFile; fileRef = 1843EBE62A1A6FD8007E034A /* ConfigureView.swift */; };
		1843EBE92A1A70DF007E034A /* ModelSelectCurrencyCell.swift in Sources */ = {isa = PBXBuildFile; fileRef = 1843EBE82A1A70DF007E034A /* ModelSelectCurrencyCell.swift */; };
		1843EBEB2A1AA203007E034A /* ConverterCurrencyPresenter.swift in Sources */ = {isa = PBXBuildFile; fileRef = 1843EBEA2A1AA203007E034A /* ConverterCurrencyPresenter.swift */; };
		1843EBEE2A1AA2FF007E034A /* ModuleBuilder.swift in Sources */ = {isa = PBXBuildFile; fileRef = 1843EBED2A1AA2FF007E034A /* ModuleBuilder.swift */; };
		1843EBF22A1AA393007E034A /* NetworkManager.swift in Sources */ = {isa = PBXBuildFile; fileRef = 1843EBF12A1AA393007E034A /* NetworkManager.swift */; };
		1843EBF42A1AAE38007E034A /* BorderView.swift in Sources */ = {isa = PBXBuildFile; fileRef = 1843EBF32A1AAE38007E034A /* BorderView.swift */; };
		18539B7D2A1BF62000B40632 /* CurrencyParser.swift in Sources */ = {isa = PBXBuildFile; fileRef = 18539B7C2A1BF62000B40632 /* CurrencyParser.swift */; };
		18539B7F2A1C09FA00B40632 /* Router.swift in Sources */ = {isa = PBXBuildFile; fileRef = 18539B7E2A1C09FA00B40632 /* Router.swift */; };
		18539B812A1C13CC00B40632 /* SelectCurrencyPresenter.swift in Sources */ = {isa = PBXBuildFile; fileRef = 18539B802A1C13CC00B40632 /* SelectCurrencyPresenter.swift */; };
		185B58EE2A1FBE430023717D /* Fonts.swift in Sources */ = {isa = PBXBuildFile; fileRef = 185B58ED2A1FBE430023717D /* Fonts.swift */; };
		185B58F12A1FBF1D0023717D /* UIViewController+.swift in Sources */ = {isa = PBXBuildFile; fileRef = 185B58F02A1FBF1D0023717D /* UIViewController+.swift */; };
		188294662A1CC2AE008C9C43 /* Formatter+.swift in Sources */ = {isa = PBXBuildFile; fileRef = 188294652A1CC2AE008C9C43 /* Formatter+.swift */; };
		188294692A1CD450008C9C43 /* CurrencyCache.swift in Sources */ = {isa = PBXBuildFile; fileRef = 188294682A1CD450008C9C43 /* CurrencyCache.swift */; };
		1882946C2A1CD9F1008C9C43 /* Date+.swift in Sources */ = {isa = PBXBuildFile; fileRef = 1882946B2A1CD9F1008C9C43 /* Date+.swift */; };
		1882946E2A1CF93B008C9C43 /* SelectCurrencyModel.swift in Sources */ = {isa = PBXBuildFile; fileRef = 1882946D2A1CF93B008C9C43 /* SelectCurrencyModel.swift */; };
		1882F9672A5F273500085C0E /* OpenSans-SemiBold.ttf in Resources */ = {isa = PBXBuildFile; fileRef = 1882F9662A5F273500085C0E /* OpenSans-SemiBold.ttf */; };
		1882F9682A5F273500085C0E /* OpenSans-SemiBold.ttf in Resources */ = {isa = PBXBuildFile; fileRef = 1882F9662A5F273500085C0E /* OpenSans-SemiBold.ttf */; };
		1882F9692A5F273500085C0E /* OpenSans-SemiBold.ttf in Resources */ = {isa = PBXBuildFile; fileRef = 1882F9662A5F273500085C0E /* OpenSans-SemiBold.ttf */; };
		188BFBB22A594D8B00CD5A5F /* AppDesign.swift in Sources */ = {isa = PBXBuildFile; fileRef = 188BFBB12A594D8B00CD5A5F /* AppDesign.swift */; };
		188E665B2A1B70830070A6DB /* API.swift in Sources */ = {isa = PBXBuildFile; fileRef = 188E665A2A1B70830070A6DB /* API.swift */; };
		188E665C2A1B70830070A6DB /* API.swift in Sources */ = {isa = PBXBuildFile; fileRef = 188E665A2A1B70830070A6DB /* API.swift */; };
		188E665D2A1B70830070A6DB /* API.swift in Sources */ = {isa = PBXBuildFile; fileRef = 188E665A2A1B70830070A6DB /* API.swift */; };
		188E66602A1B91260070A6DB /* ModelListCurrency.swift in Sources */ = {isa = PBXBuildFile; fileRef = 188E665F2A1B91260070A6DB /* ModelListCurrency.swift */; };
		188E66612A1B91260070A6DB /* ModelListCurrency.swift in Sources */ = {isa = PBXBuildFile; fileRef = 188E665F2A1B91260070A6DB /* ModelListCurrency.swift */; };
		188E66622A1B91260070A6DB /* ModelListCurrency.swift in Sources */ = {isa = PBXBuildFile; fileRef = 188E665F2A1B91260070A6DB /* ModelListCurrency.swift */; };
		188E66642A1B91BB0070A6DB /* ModelRatesCurrency.swift in Sources */ = {isa = PBXBuildFile; fileRef = 188E66632A1B91BB0070A6DB /* ModelRatesCurrency.swift */; };
		188E66652A1B91BB0070A6DB /* ModelRatesCurrency.swift in Sources */ = {isa = PBXBuildFile; fileRef = 188E66632A1B91BB0070A6DB /* ModelRatesCurrency.swift */; };
		188E66662A1B91BB0070A6DB /* ModelRatesCurrency.swift in Sources */ = {isa = PBXBuildFile; fileRef = 188E66632A1B91BB0070A6DB /* ModelRatesCurrency.swift */; };
/* End PBXBuildFile section */

/* Begin PBXContainerItemProxy section */
		180212A12A1A424300609F44 /* PBXContainerItemProxy */ = {
			isa = PBXContainerItemProxy;
			containerPortal = 180212822A1A423F00609F44 /* Project object */;
			proxyType = 1;
			remoteGlobalIDString = 180212892A1A423F00609F44;
			remoteInfo = CurrencyConverter;
		};
		180212AB2A1A424300609F44 /* PBXContainerItemProxy */ = {
			isa = PBXContainerItemProxy;
			containerPortal = 180212822A1A423F00609F44 /* Project object */;
			proxyType = 1;
			remoteGlobalIDString = 180212892A1A423F00609F44;
			remoteInfo = CurrencyConverter;
		};
/* End PBXContainerItemProxy section */

/* Begin PBXFileReference section */
		1802128A2A1A423F00609F44 /* CurrencyConverter.app */ = {isa = PBXFileReference; explicitFileType = wrapper.application; includeInIndex = 0; path = CurrencyConverter.app; sourceTree = BUILT_PRODUCTS_DIR; };
		1802128D2A1A423F00609F44 /* AppDelegate.swift */ = {isa = PBXFileReference; lastKnownFileType = sourcecode.swift; path = AppDelegate.swift; sourceTree = "<group>"; };
		180212962A1A424200609F44 /* Assets.xcassets */ = {isa = PBXFileReference; lastKnownFileType = folder.assetcatalog; path = Assets.xcassets; sourceTree = "<group>"; };
		180212992A1A424200609F44 /* Base */ = {isa = PBXFileReference; lastKnownFileType = file.storyboard; name = Base; path = Base.lproj/LaunchScreen.storyboard; sourceTree = "<group>"; };
		1802129B2A1A424200609F44 /* Info.plist */ = {isa = PBXFileReference; lastKnownFileType = text.plist.xml; path = Info.plist; sourceTree = "<group>"; };
		180212A02A1A424300609F44 /* CurrencyConverterTests.xctest */ = {isa = PBXFileReference; explicitFileType = wrapper.cfbundle; includeInIndex = 0; path = CurrencyConverterTests.xctest; sourceTree = BUILT_PRODUCTS_DIR; };
		180212A42A1A424300609F44 /* CurrencyConverterTests.swift */ = {isa = PBXFileReference; lastKnownFileType = sourcecode.swift; path = CurrencyConverterTests.swift; sourceTree = "<group>"; };
		180212AA2A1A424300609F44 /* CurrencyConverterUITests.xctest */ = {isa = PBXFileReference; explicitFileType = wrapper.cfbundle; includeInIndex = 0; path = CurrencyConverterUITests.xctest; sourceTree = BUILT_PRODUCTS_DIR; };
		180212AE2A1A424300609F44 /* CurrencyConverterUITests.swift */ = {isa = PBXFileReference; lastKnownFileType = sourcecode.swift; path = CurrencyConverterUITests.swift; sourceTree = "<group>"; };
		180212B02A1A424300609F44 /* CurrencyConverterUITestsLaunchTests.swift */ = {isa = PBXFileReference; lastKnownFileType = sourcecode.swift; path = CurrencyConverterUITestsLaunchTests.swift; sourceTree = "<group>"; };
		180212C02A1A434000609F44 /* ConverterCurrencyController.swift */ = {isa = PBXFileReference; lastKnownFileType = sourcecode.swift; path = ConverterCurrencyController.swift; sourceTree = "<group>"; };
		180212C12A1A434000609F44 /* ConverterCurrencyController.xib */ = {isa = PBXFileReference; lastKnownFileType = file.xib; path = ConverterCurrencyController.xib; sourceTree = "<group>"; };
		180212CB2A1A43B100609F44 /* SelectCurrencyController.swift */ = {isa = PBXFileReference; lastKnownFileType = sourcecode.swift; path = SelectCurrencyController.swift; sourceTree = "<group>"; };
		180212CC2A1A43B100609F44 /* SelectCurrencyController.xib */ = {isa = PBXFileReference; lastKnownFileType = file.xib; path = SelectCurrencyController.xib; sourceTree = "<group>"; };
		180212D12A1A446900609F44 /* Colors.swift */ = {isa = PBXFileReference; lastKnownFileType = sourcecode.swift; path = Colors.swift; sourceTree = "<group>"; };
		180212D42A1A451900609F44 /* SelectCurrency.swift */ = {isa = PBXFileReference; lastKnownFileType = sourcecode.swift; path = SelectCurrency.swift; sourceTree = "<group>"; };
		180212DA2A1A4F7F00609F44 /* RefreshButton.swift */ = {isa = PBXFileReference; lastKnownFileType = sourcecode.swift; path = RefreshButton.swift; sourceTree = "<group>"; };
		1843EBE12A1A6F5B007E034A /* SelectCurrencyCell.swift */ = {isa = PBXFileReference; lastKnownFileType = sourcecode.swift; path = SelectCurrencyCell.swift; sourceTree = "<group>"; };
		1843EBE22A1A6F5B007E034A /* SelectCurrencyCell.xib */ = {isa = PBXFileReference; lastKnownFileType = file.xib; path = SelectCurrencyCell.xib; sourceTree = "<group>"; };
		1843EBE62A1A6FD8007E034A /* ConfigureView.swift */ = {isa = PBXFileReference; lastKnownFileType = sourcecode.swift; path = ConfigureView.swift; sourceTree = "<group>"; };
		1843EBE82A1A70DF007E034A /* ModelSelectCurrencyCell.swift */ = {isa = PBXFileReference; lastKnownFileType = sourcecode.swift; path = ModelSelectCurrencyCell.swift; sourceTree = "<group>"; };
		1843EBEA2A1AA203007E034A /* ConverterCurrencyPresenter.swift */ = {isa = PBXFileReference; lastKnownFileType = sourcecode.swift; path = ConverterCurrencyPresenter.swift; sourceTree = "<group>"; };
		1843EBED2A1AA2FF007E034A /* ModuleBuilder.swift */ = {isa = PBXFileReference; lastKnownFileType = sourcecode.swift; path = ModuleBuilder.swift; sourceTree = "<group>"; };
		1843EBF12A1AA393007E034A /* NetworkManager.swift */ = {isa = PBXFileReference; lastKnownFileType = sourcecode.swift; path = NetworkManager.swift; sourceTree = "<group>"; };
		1843EBF32A1AAE38007E034A /* BorderView.swift */ = {isa = PBXFileReference; lastKnownFileType = sourcecode.swift; path = BorderView.swift; sourceTree = "<group>"; };
		18539B7C2A1BF62000B40632 /* CurrencyParser.swift */ = {isa = PBXFileReference; lastKnownFileType = sourcecode.swift; path = CurrencyParser.swift; sourceTree = "<group>"; };
		18539B7E2A1C09FA00B40632 /* Router.swift */ = {isa = PBXFileReference; lastKnownFileType = sourcecode.swift; path = Router.swift; sourceTree = "<group>"; };
		18539B802A1C13CC00B40632 /* SelectCurrencyPresenter.swift */ = {isa = PBXFileReference; lastKnownFileType = sourcecode.swift; path = SelectCurrencyPresenter.swift; sourceTree = "<group>"; };
		185B58ED2A1FBE430023717D /* Fonts.swift */ = {isa = PBXFileReference; lastKnownFileType = sourcecode.swift; path = Fonts.swift; sourceTree = "<group>"; };
		185B58F02A1FBF1D0023717D /* UIViewController+.swift */ = {isa = PBXFileReference; lastKnownFileType = sourcecode.swift; path = "UIViewController+.swift"; sourceTree = "<group>"; };
		188294652A1CC2AE008C9C43 /* Formatter+.swift */ = {isa = PBXFileReference; lastKnownFileType = sourcecode.swift; path = "Formatter+.swift"; sourceTree = "<group>"; };
		188294682A1CD450008C9C43 /* CurrencyCache.swift */ = {isa = PBXFileReference; lastKnownFileType = sourcecode.swift; path = CurrencyCache.swift; sourceTree = "<group>"; };
		1882946B2A1CD9F1008C9C43 /* Date+.swift */ = {isa = PBXFileReference; lastKnownFileType = sourcecode.swift; path = "Date+.swift"; sourceTree = "<group>"; };
		1882946D2A1CF93B008C9C43 /* SelectCurrencyModel.swift */ = {isa = PBXFileReference; lastKnownFileType = sourcecode.swift; path = SelectCurrencyModel.swift; sourceTree = "<group>"; };
		1882F9662A5F273500085C0E /* OpenSans-SemiBold.ttf */ = {isa = PBXFileReference; lastKnownFileType = file; name = "OpenSans-SemiBold.ttf"; path = "../../../../На YOUTUBE/TestTaskCurrencyConverter/TestTaskCurrencyConverter/Library/Fonts/OpenSans-SemiBold.ttf"; sourceTree = "<group>"; };
		188BFBB12A594D8B00CD5A5F /* AppDesign.swift */ = {isa = PBXFileReference; lastKnownFileType = sourcecode.swift; path = AppDesign.swift; sourceTree = "<group>"; };
		188E665A2A1B70830070A6DB /* API.swift */ = {isa = PBXFileReference; lastKnownFileType = sourcecode.swift; path = API.swift; sourceTree = "<group>"; };
		188E665F2A1B91260070A6DB /* ModelListCurrency.swift */ = {isa = PBXFileReference; lastKnownFileType = sourcecode.swift; path = ModelListCurrency.swift; sourceTree = "<group>"; };
		188E66632A1B91BB0070A6DB /* ModelRatesCurrency.swift */ = {isa = PBXFileReference; lastKnownFileType = sourcecode.swift; path = ModelRatesCurrency.swift; sourceTree = "<group>"; };
/* End PBXFileReference section */

/* Begin PBXFrameworksBuildPhase section */
		180212872A1A423F00609F44 /* Frameworks */ = {
			isa = PBXFrameworksBuildPhase;
			buildActionMask = 2147483647;
			files = (
			);
			runOnlyForDeploymentPostprocessing = 0;
		};
		1802129D2A1A424300609F44 /* Frameworks */ = {
			isa = PBXFrameworksBuildPhase;
			buildActionMask = 2147483647;
			files = (
			);
			runOnlyForDeploymentPostprocessing = 0;
		};
		180212A72A1A424300609F44 /* Frameworks */ = {
			isa = PBXFrameworksBuildPhase;
			buildActionMask = 2147483647;
			files = (
			);
			runOnlyForDeploymentPostprocessing = 0;
		};
/* End PBXFrameworksBuildPhase section */

/* Begin PBXGroup section */
		180212812A1A423F00609F44 = {
			isa = PBXGroup;
			children = (
				1802128C2A1A423F00609F44 /* CurrencyConverter */,
				180212A32A1A424300609F44 /* CurrencyConverterTests */,
				180212AD2A1A424300609F44 /* CurrencyConverterUITests */,
				1802128B2A1A423F00609F44 /* Products */,
			);
			sourceTree = "<group>";
		};
		1802128B2A1A423F00609F44 /* Products */ = {
			isa = PBXGroup;
			children = (
				1802128A2A1A423F00609F44 /* CurrencyConverter.app */,
				180212A02A1A424300609F44 /* CurrencyConverterTests.xctest */,
				180212AA2A1A424300609F44 /* CurrencyConverterUITests.xctest */,
			);
			name = Products;
			sourceTree = "<group>";
		};
		1802128C2A1A423F00609F44 /* CurrencyConverter */ = {
			isa = PBXGroup;
			children = (
				180212BD2A1A428300609F44 /* App */,
				1843EBEC2A1AA2D5007E034A /* Builder */,
				188E66532A1B42990070A6DB /* Router */,
				180212BE2A1A430E00609F44 /* Screens */,
				180212CF2A1A444500609F44 /* Library */,
				1843EBEF2A1AA36A007E034A /* Services */,
				180212962A1A424200609F44 /* Assets.xcassets */,
				180212982A1A424200609F44 /* LaunchScreen.storyboard */,
				1802129B2A1A424200609F44 /* Info.plist */,
			);
			path = CurrencyConverter;
			sourceTree = "<group>";
		};
		180212A32A1A424300609F44 /* CurrencyConverterTests */ = {
			isa = PBXGroup;
			children = (
				180212A42A1A424300609F44 /* CurrencyConverterTests.swift */,
			);
			path = CurrencyConverterTests;
			sourceTree = "<group>";
		};
		180212AD2A1A424300609F44 /* CurrencyConverterUITests */ = {
			isa = PBXGroup;
			children = (
				180212AE2A1A424300609F44 /* CurrencyConverterUITests.swift */,
				180212B02A1A424300609F44 /* CurrencyConverterUITestsLaunchTests.swift */,
			);
			path = CurrencyConverterUITests;
			sourceTree = "<group>";
		};
		180212BD2A1A428300609F44 /* App */ = {
			isa = PBXGroup;
			children = (
				1802128D2A1A423F00609F44 /* AppDelegate.swift */,
			);
			path = App;
			sourceTree = "<group>";
		};
		180212BE2A1A430E00609F44 /* Screens */ = {
			isa = PBXGroup;
			children = (
				180212BF2A1A431800609F44 /* ConverterCurrency */,
				180212C72A1A437A00609F44 /* SelectCurrency */,
			);
			path = Screens;
			sourceTree = "<group>";
		};
		180212BF2A1A431800609F44 /* ConverterCurrency */ = {
			isa = PBXGroup;
			children = (
				180212C62A1A436500609F44 /* Presenter */,
				180212C42A1A435500609F44 /* View */,
				180212C52A1A435B00609F44 /* Model */,
			);
			path = ConverterCurrency;
			sourceTree = "<group>";
		};
		180212C42A1A435500609F44 /* View */ = {
			isa = PBXGroup;
			children = (
				180212C02A1A434000609F44 /* ConverterCurrencyController.swift */,
				180212C12A1A434000609F44 /* ConverterCurrencyController.xib */,
			);
			path = View;
			sourceTree = "<group>";
		};
		180212C52A1A435B00609F44 /* Model */ = {
			isa = PBXGroup;
			children = (
			);
			path = Model;
			sourceTree = "<group>";
		};
		180212C62A1A436500609F44 /* Presenter */ = {
			isa = PBXGroup;
			children = (
				1843EBEA2A1AA203007E034A /* ConverterCurrencyPresenter.swift */,
			);
			path = Presenter;
			sourceTree = "<group>";
		};
		180212C72A1A437A00609F44 /* SelectCurrency */ = {
			isa = PBXGroup;
			children = (
				180212CA2A1A439000609F44 /* Presenter */,
				180212C92A1A438900609F44 /* View */,
				1843EBE02A1A6F37007E034A /* Cell */,
				180212C82A1A438300609F44 /* Model */,
			);
			path = SelectCurrency;
			sourceTree = "<group>";
		};
		180212C82A1A438300609F44 /* Model */ = {
			isa = PBXGroup;
			children = (
				1843EBE82A1A70DF007E034A /* ModelSelectCurrencyCell.swift */,
				1882946D2A1CF93B008C9C43 /* SelectCurrencyModel.swift */,
			);
			path = Model;
			sourceTree = "<group>";
		};
		180212C92A1A438900609F44 /* View */ = {
			isa = PBXGroup;
			children = (
				180212CB2A1A43B100609F44 /* SelectCurrencyController.swift */,
				180212CC2A1A43B100609F44 /* SelectCurrencyController.xib */,
			);
			path = View;
			sourceTree = "<group>";
		};
		180212CA2A1A439000609F44 /* Presenter */ = {
			isa = PBXGroup;
			children = (
				18539B802A1C13CC00B40632 /* SelectCurrencyPresenter.swift */,
			);
			path = Presenter;
			sourceTree = "<group>";
		};
		180212CF2A1A444500609F44 /* Library */ = {
			isa = PBXGroup;
			children = (
				188294632A1CC28B008C9C43 /* Extension */,
				1843EBE52A1A6F89007E034A /* Protocols */,
				180212DE2A1A4FBD00609F44 /* Fonts */,
				180212D32A1A44F600609F44 /* CustomView */,
				180212D02A1A445500609F44 /* Constants */,
			);
			path = Library;
			sourceTree = "<group>";
		};
		180212D02A1A445500609F44 /* Constants */ = {
			isa = PBXGroup;
			children = (
				180212D12A1A446900609F44 /* Colors.swift */,
				188BFBB12A594D8B00CD5A5F /* AppDesign.swift */,
			);
			path = Constants;
			sourceTree = "<group>";
		};
		180212D32A1A44F600609F44 /* CustomView */ = {
			isa = PBXGroup;
			children = (
				180212D42A1A451900609F44 /* SelectCurrency.swift */,
				180212DA2A1A4F7F00609F44 /* RefreshButton.swift */,
				1843EBF32A1AAE38007E034A /* BorderView.swift */,
			);
			path = CustomView;
			sourceTree = "<group>";
		};
		180212DE2A1A4FBD00609F44 /* Fonts */ = {
			isa = PBXGroup;
			children = (
				1882F9662A5F273500085C0E /* OpenSans-SemiBold.ttf */,
				185B58ED2A1FBE430023717D /* Fonts.swift */,
			);
			path = Fonts;
			sourceTree = "<group>";
		};
		1843EBE02A1A6F37007E034A /* Cell */ = {
			isa = PBXGroup;
			children = (
				1843EBE12A1A6F5B007E034A /* SelectCurrencyCell.swift */,
				1843EBE22A1A6F5B007E034A /* SelectCurrencyCell.xib */,
			);
			path = Cell;
			sourceTree = "<group>";
		};
		1843EBE52A1A6F89007E034A /* Protocols */ = {
			isa = PBXGroup;
			children = (
				1843EBE62A1A6FD8007E034A /* ConfigureView.swift */,
			);
			path = Protocols;
			sourceTree = "<group>";
		};
		1843EBEC2A1AA2D5007E034A /* Builder */ = {
			isa = PBXGroup;
			children = (
				1843EBED2A1AA2FF007E034A /* ModuleBuilder.swift */,
			);
			path = Builder;
			sourceTree = "<group>";
		};
		1843EBEF2A1AA36A007E034A /* Services */ = {
			isa = PBXGroup;
			children = (
				1843EBF02A1AA376007E034A /* NetvorkLayer */,
				18539B7B2A1BF59500B40632 /* CurencyParser */,
				188294672A1CD425008C9C43 /* CurrencyCache */,
			);
			path = Services;
			sourceTree = "<group>";
		};
		1843EBF02A1AA376007E034A /* NetvorkLayer */ = {
			isa = PBXGroup;
			children = (
				1843EBF12A1AA393007E034A /* NetworkManager.swift */,
				188E665A2A1B70830070A6DB /* API.swift */,
				188E665E2A1B91130070A6DB /* Model */,
			);
			path = NetvorkLayer;
			sourceTree = "<group>";
		};
		18539B7B2A1BF59500B40632 /* CurencyParser */ = {
			isa = PBXGroup;
			children = (
				18539B7C2A1BF62000B40632 /* CurrencyParser.swift */,
			);
			path = CurencyParser;
			sourceTree = "<group>";
		};
		185B58EF2A1FBF070023717D /* UIViewController+ */ = {
			isa = PBXGroup;
			children = (
				185B58F02A1FBF1D0023717D /* UIViewController+.swift */,
			);
			path = "UIViewController+";
			sourceTree = "<group>";
		};
		188294632A1CC28B008C9C43 /* Extension */ = {
			isa = PBXGroup;
			children = (
				185B58EF2A1FBF070023717D /* UIViewController+ */,
				1882946A2A1CD9E5008C9C43 /* Date+ */,
				188294642A1CC294008C9C43 /* Formatter+ */,
			);
			path = Extension;
			sourceTree = "<group>";
		};
		188294642A1CC294008C9C43 /* Formatter+ */ = {
			isa = PBXGroup;
			children = (
				188294652A1CC2AE008C9C43 /* Formatter+.swift */,
			);
			path = "Formatter+";
			sourceTree = "<group>";
		};
		188294672A1CD425008C9C43 /* CurrencyCache */ = {
			isa = PBXGroup;
			children = (
				188294682A1CD450008C9C43 /* CurrencyCache.swift */,
			);
			path = CurrencyCache;
			sourceTree = "<group>";
		};
		1882946A2A1CD9E5008C9C43 /* Date+ */ = {
			isa = PBXGroup;
			children = (
				1882946B2A1CD9F1008C9C43 /* Date+.swift */,
			);
			path = "Date+";
			sourceTree = "<group>";
		};
		188E66532A1B42990070A6DB /* Router */ = {
			isa = PBXGroup;
			children = (
				18539B7E2A1C09FA00B40632 /* Router.swift */,
			);
			path = Router;
			sourceTree = "<group>";
		};
		188E665E2A1B91130070A6DB /* Model */ = {
			isa = PBXGroup;
			children = (
				188E665F2A1B91260070A6DB /* ModelListCurrency.swift */,
				188E66632A1B91BB0070A6DB /* ModelRatesCurrency.swift */,
			);
			path = Model;
			sourceTree = "<group>";
		};
/* End PBXGroup section */

/* Begin PBXNativeTarget section */
		180212892A1A423F00609F44 /* CurrencyConverter */ = {
			isa = PBXNativeTarget;
			buildConfigurationList = 180212B42A1A424300609F44 /* Build configuration list for PBXNativeTarget "CurrencyConverter" */;
			buildPhases = (
				180212862A1A423F00609F44 /* Sources */,
				180212872A1A423F00609F44 /* Frameworks */,
				180212882A1A423F00609F44 /* Resources */,
			);
			buildRules = (
			);
			dependencies = (
			);
			name = CurrencyConverter;
			productName = CurrencyConverter;
			productReference = 1802128A2A1A423F00609F44 /* CurrencyConverter.app */;
			productType = "com.apple.product-type.application";
		};
		1802129F2A1A424300609F44 /* CurrencyConverterTests */ = {
			isa = PBXNativeTarget;
			buildConfigurationList = 180212B72A1A424300609F44 /* Build configuration list for PBXNativeTarget "CurrencyConverterTests" */;
			buildPhases = (
				1802129C2A1A424300609F44 /* Sources */,
				1802129D2A1A424300609F44 /* Frameworks */,
				1802129E2A1A424300609F44 /* Resources */,
			);
			buildRules = (
			);
			dependencies = (
				180212A22A1A424300609F44 /* PBXTargetDependency */,
			);
			name = CurrencyConverterTests;
			productName = CurrencyConverterTests;
			productReference = 180212A02A1A424300609F44 /* CurrencyConverterTests.xctest */;
			productType = "com.apple.product-type.bundle.unit-test";
		};
		180212A92A1A424300609F44 /* CurrencyConverterUITests */ = {
			isa = PBXNativeTarget;
			buildConfigurationList = 180212BA2A1A424300609F44 /* Build configuration list for PBXNativeTarget "CurrencyConverterUITests" */;
			buildPhases = (
				180212A62A1A424300609F44 /* Sources */,
				180212A72A1A424300609F44 /* Frameworks */,
				180212A82A1A424300609F44 /* Resources */,
			);
			buildRules = (
			);
			dependencies = (
				180212AC2A1A424300609F44 /* PBXTargetDependency */,
			);
			name = CurrencyConverterUITests;
			productName = CurrencyConverterUITests;
			productReference = 180212AA2A1A424300609F44 /* CurrencyConverterUITests.xctest */;
			productType = "com.apple.product-type.bundle.ui-testing";
		};
/* End PBXNativeTarget section */

/* Begin PBXProject section */
		180212822A1A423F00609F44 /* Project object */ = {
			isa = PBXProject;
			attributes = {
				BuildIndependentTargetsInParallel = 1;
				LastSwiftUpdateCheck = 1420;
				LastUpgradeCheck = 1420;
				TargetAttributes = {
					180212892A1A423F00609F44 = {
						CreatedOnToolsVersion = 14.2;
					};
					1802129F2A1A424300609F44 = {
						CreatedOnToolsVersion = 14.2;
						TestTargetID = 180212892A1A423F00609F44;
					};
					180212A92A1A424300609F44 = {
						CreatedOnToolsVersion = 14.2;
						TestTargetID = 180212892A1A423F00609F44;
					};
				};
			};
			buildConfigurationList = 180212852A1A423F00609F44 /* Build configuration list for PBXProject "CurrencyConverter" */;
			compatibilityVersion = "Xcode 14.0";
			developmentRegion = en;
			hasScannedForEncodings = 0;
			knownRegions = (
				en,
				Base,
			);
			mainGroup = 180212812A1A423F00609F44;
			productRefGroup = 1802128B2A1A423F00609F44 /* Products */;
			projectDirPath = "";
			projectRoot = "";
			targets = (
				180212892A1A423F00609F44 /* CurrencyConverter */,
				1802129F2A1A424300609F44 /* CurrencyConverterTests */,
				180212A92A1A424300609F44 /* CurrencyConverterUITests */,
			);
		};
/* End PBXProject section */

/* Begin PBXResourcesBuildPhase section */
		180212882A1A423F00609F44 /* Resources */ = {
			isa = PBXResourcesBuildPhase;
			buildActionMask = 2147483647;
			files = (
				180212CE2A1A43B100609F44 /* SelectCurrencyController.xib in Resources */,
				180212C32A1A434000609F44 /* ConverterCurrencyController.xib in Resources */,
				1882F9672A5F273500085C0E /* OpenSans-SemiBold.ttf in Resources */,
				1843EBE42A1A6F5B007E034A /* SelectCurrencyCell.xib in Resources */,
				1802129A2A1A424200609F44 /* LaunchScreen.storyboard in Resources */,
				180212972A1A424200609F44 /* Assets.xcassets in Resources */,
			);
			runOnlyForDeploymentPostprocessing = 0;
		};
		1802129E2A1A424300609F44 /* Resources */ = {
			isa = PBXResourcesBuildPhase;
			buildActionMask = 2147483647;
			files = (
				1882F9682A5F273500085C0E /* OpenSans-SemiBold.ttf in Resources */,
			);
			runOnlyForDeploymentPostprocessing = 0;
		};
		180212A82A1A424300609F44 /* Resources */ = {
			isa = PBXResourcesBuildPhase;
			buildActionMask = 2147483647;
			files = (
				1882F9692A5F273500085C0E /* OpenSans-SemiBold.ttf in Resources */,
			);
			runOnlyForDeploymentPostprocessing = 0;
		};
/* End PBXResourcesBuildPhase section */

/* Begin PBXSourcesBuildPhase section */
		180212862A1A423F00609F44 /* Sources */ = {
			isa = PBXSourcesBuildPhase;
			buildActionMask = 2147483647;
			files = (
				180212CD2A1A43B100609F44 /* SelectCurrencyController.swift in Sources */,
				1843EBE72A1A6FD8007E034A /* ConfigureView.swift in Sources */,
				180212DB2A1A4F7F00609F44 /* RefreshButton.swift in Sources */,
				1843EBF22A1AA393007E034A /* NetworkManager.swift in Sources */,
				18539B812A1C13CC00B40632 /* SelectCurrencyPresenter.swift in Sources */,
				18539B7F2A1C09FA00B40632 /* Router.swift in Sources */,
				1882946E2A1CF93B008C9C43 /* SelectCurrencyModel.swift in Sources */,
				188E66642A1B91BB0070A6DB /* ModelRatesCurrency.swift in Sources */,
				188E665B2A1B70830070A6DB /* API.swift in Sources */,
				180212D22A1A446900609F44 /* Colors.swift in Sources */,
				1843EBEB2A1AA203007E034A /* ConverterCurrencyPresenter.swift in Sources */,
				188294662A1CC2AE008C9C43 /* Formatter+.swift in Sources */,
				1882946C2A1CD9F1008C9C43 /* Date+.swift in Sources */,
				1843EBF42A1AAE38007E034A /* BorderView.swift in Sources */,
				1843EBE92A1A70DF007E034A /* ModelSelectCurrencyCell.swift in Sources */,
				180212C22A1A434000609F44 /* ConverterCurrencyController.swift in Sources */,
				185B58EE2A1FBE430023717D /* Fonts.swift in Sources */,
				185B58F12A1FBF1D0023717D /* UIViewController+.swift in Sources */,
				188E66602A1B91260070A6DB /* ModelListCurrency.swift in Sources */,
				1802128E2A1A423F00609F44 /* AppDelegate.swift in Sources */,
				180212D52A1A451900609F44 /* SelectCurrency.swift in Sources */,
				188BFBB22A594D8B00CD5A5F /* AppDesign.swift in Sources */,
				18539B7D2A1BF62000B40632 /* CurrencyParser.swift in Sources */,
				1843EBE32A1A6F5B007E034A /* SelectCurrencyCell.swift in Sources */,
				188294692A1CD450008C9C43 /* CurrencyCache.swift in Sources */,
				1843EBEE2A1AA2FF007E034A /* ModuleBuilder.swift in Sources */,
			);
			runOnlyForDeploymentPostprocessing = 0;
		};
		1802129C2A1A424300609F44 /* Sources */ = {
			isa = PBXSourcesBuildPhase;
			buildActionMask = 2147483647;
			files = (
				188E66652A1B91BB0070A6DB /* ModelRatesCurrency.swift in Sources */,
				180212A52A1A424300609F44 /* CurrencyConverterTests.swift in Sources */,
				188E665C2A1B70830070A6DB /* API.swift in Sources */,
				188E66612A1B91260070A6DB /* ModelListCurrency.swift in Sources */,
				180212DC2A1A4F7F00609F44 /* RefreshButton.swift in Sources */,
			);
			runOnlyForDeploymentPostprocessing = 0;
		};
		180212A62A1A424300609F44 /* Sources */ = {
			isa = PBXSourcesBuildPhase;
			buildActionMask = 2147483647;
			files = (
				180212B12A1A424300609F44 /* CurrencyConverterUITestsLaunchTests.swift in Sources */,
				188E66622A1B91260070A6DB /* ModelListCurrency.swift in Sources */,
				188E66662A1B91BB0070A6DB /* ModelRatesCurrency.swift in Sources */,
				180212DD2A1A4F7F00609F44 /* RefreshButton.swift in Sources */,
				188E665D2A1B70830070A6DB /* API.swift in Sources */,
				180212AF2A1A424300609F44 /* CurrencyConverterUITests.swift in Sources */,
			);
			runOnlyForDeploymentPostprocessing = 0;
		};
/* End PBXSourcesBuildPhase section */

/* Begin PBXTargetDependency section */
		180212A22A1A424300609F44 /* PBXTargetDependency */ = {
			isa = PBXTargetDependency;
			target = 180212892A1A423F00609F44 /* CurrencyConverter */;
			targetProxy = 180212A12A1A424300609F44 /* PBXContainerItemProxy */;
		};
		180212AC2A1A424300609F44 /* PBXTargetDependency */ = {
			isa = PBXTargetDependency;
			target = 180212892A1A423F00609F44 /* CurrencyConverter */;
			targetProxy = 180212AB2A1A424300609F44 /* PBXContainerItemProxy */;
		};
/* End PBXTargetDependency section */

/* Begin PBXVariantGroup section */
		180212982A1A424200609F44 /* LaunchScreen.storyboard */ = {
			isa = PBXVariantGroup;
			children = (
				180212992A1A424200609F44 /* Base */,
			);
			name = LaunchScreen.storyboard;
			sourceTree = "<group>";
		};
/* End PBXVariantGroup section */

/* Begin XCBuildConfiguration section */
		180212B22A1A424300609F44 /* Debug */ = {
			isa = XCBuildConfiguration;
			buildSettings = {
				ALWAYS_SEARCH_USER_PATHS = NO;
				CLANG_ANALYZER_NONNULL = YES;
				CLANG_ANALYZER_NUMBER_OBJECT_CONVERSION = YES_AGGRESSIVE;
				CLANG_CXX_LANGUAGE_STANDARD = "gnu++20";
				CLANG_ENABLE_MODULES = YES;
				CLANG_ENABLE_OBJC_ARC = YES;
				CLANG_ENABLE_OBJC_WEAK = YES;
				CLANG_WARN_BLOCK_CAPTURE_AUTORELEASING = YES;
				CLANG_WARN_BOOL_CONVERSION = YES;
				CLANG_WARN_COMMA = YES;
				CLANG_WARN_CONSTANT_CONVERSION = YES;
				CLANG_WARN_DEPRECATED_OBJC_IMPLEMENTATIONS = YES;
				CLANG_WARN_DIRECT_OBJC_ISA_USAGE = YES_ERROR;
				CLANG_WARN_DOCUMENTATION_COMMENTS = YES;
				CLANG_WARN_EMPTY_BODY = YES;
				CLANG_WARN_ENUM_CONVERSION = YES;
				CLANG_WARN_INFINITE_RECURSION = YES;
				CLANG_WARN_INT_CONVERSION = YES;
				CLANG_WARN_NON_LITERAL_NULL_CONVERSION = YES;
				CLANG_WARN_OBJC_IMPLICIT_RETAIN_SELF = YES;
				CLANG_WARN_OBJC_LITERAL_CONVERSION = YES;
				CLANG_WARN_OBJC_ROOT_CLASS = YES_ERROR;
				CLANG_WARN_QUOTED_INCLUDE_IN_FRAMEWORK_HEADER = YES;
				CLANG_WARN_RANGE_LOOP_ANALYSIS = YES;
				CLANG_WARN_STRICT_PROTOTYPES = YES;
				CLANG_WARN_SUSPICIOUS_MOVE = YES;
				CLANG_WARN_UNGUARDED_AVAILABILITY = YES_AGGRESSIVE;
				CLANG_WARN_UNREACHABLE_CODE = YES;
				CLANG_WARN__DUPLICATE_METHOD_MATCH = YES;
				COPY_PHASE_STRIP = NO;
				DEBUG_INFORMATION_FORMAT = dwarf;
				ENABLE_STRICT_OBJC_MSGSEND = YES;
				ENABLE_TESTABILITY = YES;
				GCC_C_LANGUAGE_STANDARD = gnu11;
				GCC_DYNAMIC_NO_PIC = NO;
				GCC_NO_COMMON_BLOCKS = YES;
				GCC_OPTIMIZATION_LEVEL = 0;
				GCC_PREPROCESSOR_DEFINITIONS = (
					"DEBUG=1",
					"$(inherited)",
				);
				GCC_WARN_64_TO_32_BIT_CONVERSION = YES;
				GCC_WARN_ABOUT_RETURN_TYPE = YES_ERROR;
				GCC_WARN_UNDECLARED_SELECTOR = YES;
				GCC_WARN_UNINITIALIZED_AUTOS = YES_AGGRESSIVE;
				GCC_WARN_UNUSED_FUNCTION = YES;
				GCC_WARN_UNUSED_VARIABLE = YES;
				IPHONEOS_DEPLOYMENT_TARGET = 13.0;
				MTL_ENABLE_DEBUG_INFO = INCLUDE_SOURCE;
				MTL_FAST_MATH = YES;
				ONLY_ACTIVE_ARCH = YES;
				SDKROOT = iphoneos;
				SWIFT_ACTIVE_COMPILATION_CONDITIONS = DEBUG;
				SWIFT_OPTIMIZATION_LEVEL = "-Onone";
			};
			name = Debug;
		};
		180212B32A1A424300609F44 /* Release */ = {
			isa = XCBuildConfiguration;
			buildSettings = {
				ALWAYS_SEARCH_USER_PATHS = NO;
				CLANG_ANALYZER_NONNULL = YES;
				CLANG_ANALYZER_NUMBER_OBJECT_CONVERSION = YES_AGGRESSIVE;
				CLANG_CXX_LANGUAGE_STANDARD = "gnu++20";
				CLANG_ENABLE_MODULES = YES;
				CLANG_ENABLE_OBJC_ARC = YES;
				CLANG_ENABLE_OBJC_WEAK = YES;
				CLANG_WARN_BLOCK_CAPTURE_AUTORELEASING = YES;
				CLANG_WARN_BOOL_CONVERSION = YES;
				CLANG_WARN_COMMA = YES;
				CLANG_WARN_CONSTANT_CONVERSION = YES;
				CLANG_WARN_DEPRECATED_OBJC_IMPLEMENTATIONS = YES;
				CLANG_WARN_DIRECT_OBJC_ISA_USAGE = YES_ERROR;
				CLANG_WARN_DOCUMENTATION_COMMENTS = YES;
				CLANG_WARN_EMPTY_BODY = YES;
				CLANG_WARN_ENUM_CONVERSION = YES;
				CLANG_WARN_INFINITE_RECURSION = YES;
				CLANG_WARN_INT_CONVERSION = YES;
				CLANG_WARN_NON_LITERAL_NULL_CONVERSION = YES;
				CLANG_WARN_OBJC_IMPLICIT_RETAIN_SELF = YES;
				CLANG_WARN_OBJC_LITERAL_CONVERSION = YES;
				CLANG_WARN_OBJC_ROOT_CLASS = YES_ERROR;
				CLANG_WARN_QUOTED_INCLUDE_IN_FRAMEWORK_HEADER = YES;
				CLANG_WARN_RANGE_LOOP_ANALYSIS = YES;
				CLANG_WARN_STRICT_PROTOTYPES = YES;
				CLANG_WARN_SUSPICIOUS_MOVE = YES;
				CLANG_WARN_UNGUARDED_AVAILABILITY = YES_AGGRESSIVE;
				CLANG_WARN_UNREACHABLE_CODE = YES;
				CLANG_WARN__DUPLICATE_METHOD_MATCH = YES;
				COPY_PHASE_STRIP = NO;
				DEBUG_INFORMATION_FORMAT = "dwarf-with-dsym";
				ENABLE_NS_ASSERTIONS = NO;
				ENABLE_STRICT_OBJC_MSGSEND = YES;
				GCC_C_LANGUAGE_STANDARD = gnu11;
				GCC_NO_COMMON_BLOCKS = YES;
				GCC_WARN_64_TO_32_BIT_CONVERSION = YES;
				GCC_WARN_ABOUT_RETURN_TYPE = YES_ERROR;
				GCC_WARN_UNDECLARED_SELECTOR = YES;
				GCC_WARN_UNINITIALIZED_AUTOS = YES_AGGRESSIVE;
				GCC_WARN_UNUSED_FUNCTION = YES;
				GCC_WARN_UNUSED_VARIABLE = YES;
				IPHONEOS_DEPLOYMENT_TARGET = 13.0;
				MTL_ENABLE_DEBUG_INFO = NO;
				MTL_FAST_MATH = YES;
				SDKROOT = iphoneos;
				SWIFT_COMPILATION_MODE = wholemodule;
				SWIFT_OPTIMIZATION_LEVEL = "-O";
				VALIDATE_PRODUCT = YES;
			};
			name = Release;
		};
		180212B52A1A424300609F44 /* Debug */ = {
			isa = XCBuildConfiguration;
			buildSettings = {
				ASSETCATALOG_COMPILER_APPICON_NAME = AppIcon;
				ASSETCATALOG_COMPILER_GLOBAL_ACCENT_COLOR_NAME = AccentColor;
				CODE_SIGN_STYLE = Automatic;
				CURRENT_PROJECT_VERSION = 1;
				DEVELOPMENT_TEAM = WF9NXXAU88;
				GENERATE_INFOPLIST_FILE = YES;
				INFOPLIST_FILE = CurrencyConverter/Info.plist;
				INFOPLIST_KEY_UIApplicationSupportsIndirectInputEvents = YES;
				INFOPLIST_KEY_UILaunchStoryboardName = LaunchScreen;
				INFOPLIST_KEY_UIMainStoryboardFile = "";
				INFOPLIST_KEY_UISupportedInterfaceOrientations = UIInterfaceOrientationPortrait;
				INFOPLIST_KEY_UISupportedInterfaceOrientations_iPad = "UIInterfaceOrientationLandscapeLeft UIInterfaceOrientationLandscapeRight UIInterfaceOrientationPortrait UIInterfaceOrientationPortraitUpsideDown";
				IPHONEOS_DEPLOYMENT_TARGET = 11.0;
				LD_RUNPATH_SEARCH_PATHS = (
					"$(inherited)",
					"@executable_path/Frameworks",
				);
				MARKETING_VERSION = 1.0;
				PRODUCT_BUNDLE_IDENTIFIER = totSamiiAnatolii.CurrencyConverter;
				PRODUCT_NAME = "$(TARGET_NAME)";
				SUPPORTED_PLATFORMS = "iphoneos iphonesimulator";
				SUPPORTS_MACCATALYST = NO;
				SUPPORTS_MAC_DESIGNED_FOR_IPHONE_IPAD = NO;
				SWIFT_EMIT_LOC_STRINGS = YES;
				SWIFT_VERSION = 5.0;
				TARGETED_DEVICE_FAMILY = 1;
			};
			name = Debug;
		};
		180212B62A1A424300609F44 /* Release */ = {
			isa = XCBuildConfiguration;
			buildSettings = {
				ASSETCATALOG_COMPILER_APPICON_NAME = AppIcon;
				ASSETCATALOG_COMPILER_GLOBAL_ACCENT_COLOR_NAME = AccentColor;
				CODE_SIGN_STYLE = Automatic;
				CURRENT_PROJECT_VERSION = 1;
				DEVELOPMENT_TEAM = WF9NXXAU88;
				GENERATE_INFOPLIST_FILE = YES;
				INFOPLIST_FILE = CurrencyConverter/Info.plist;
				INFOPLIST_KEY_UIApplicationSupportsIndirectInputEvents = YES;
				INFOPLIST_KEY_UILaunchStoryboardName = LaunchScreen;
				INFOPLIST_KEY_UIMainStoryboardFile = "";
				INFOPLIST_KEY_UISupportedInterfaceOrientations = UIInterfaceOrientationPortrait;
				INFOPLIST_KEY_UISupportedInterfaceOrientations_iPad = "UIInterfaceOrientationLandscapeLeft UIInterfaceOrientationLandscapeRight UIInterfaceOrientationPortrait UIInterfaceOrientationPortraitUpsideDown";
				IPHONEOS_DEPLOYMENT_TARGET = 11.0;
				LD_RUNPATH_SEARCH_PATHS = (
					"$(inherited)",
					"@executable_path/Frameworks",
				);
				MARKETING_VERSION = 1.0;
				PRODUCT_BUNDLE_IDENTIFIER = totSamiiAnatolii.CurrencyConverter;
				PRODUCT_NAME = "$(TARGET_NAME)";
				SUPPORTED_PLATFORMS = "iphoneos iphonesimulator";
				SUPPORTS_MACCATALYST = NO;
				SUPPORTS_MAC_DESIGNED_FOR_IPHONE_IPAD = NO;
				SWIFT_EMIT_LOC_STRINGS = YES;
				SWIFT_VERSION = 5.0;
				TARGETED_DEVICE_FAMILY = 1;
			};
			name = Release;
		};
		180212B82A1A424300609F44 /* Debug */ = {
			isa = XCBuildConfiguration;
			buildSettings = {
				ALWAYS_EMBED_SWIFT_STANDARD_LIBRARIES = YES;
				BUNDLE_LOADER = "$(TEST_HOST)";
				CODE_SIGN_STYLE = Automatic;
				CURRENT_PROJECT_VERSION = 1;
				DEVELOPMENT_TEAM = WF9NXXAU88;
				GENERATE_INFOPLIST_FILE = YES;
				IPHONEOS_DEPLOYMENT_TARGET = 16.2;
				MARKETING_VERSION = 1.0;
				PRODUCT_BUNDLE_IDENTIFIER = totSamiiAnatolii.CurrencyConverterTests;
				PRODUCT_NAME = "$(TARGET_NAME)";
				SWIFT_EMIT_LOC_STRINGS = NO;
				SWIFT_VERSION = 5.0;
				TARGETED_DEVICE_FAMILY = "1,2";
				TEST_HOST = "$(BUILT_PRODUCTS_DIR)/CurrencyConverter.app/$(BUNDLE_EXECUTABLE_FOLDER_PATH)/CurrencyConverter";
			};
			name = Debug;
		};
		180212B92A1A424300609F44 /* Release */ = {
			isa = XCBuildConfiguration;
			buildSettings = {
				ALWAYS_EMBED_SWIFT_STANDARD_LIBRARIES = YES;
				BUNDLE_LOADER = "$(TEST_HOST)";
				CODE_SIGN_STYLE = Automatic;
				CURRENT_PROJECT_VERSION = 1;
				DEVELOPMENT_TEAM = WF9NXXAU88;
				GENERATE_INFOPLIST_FILE = YES;
				IPHONEOS_DEPLOYMENT_TARGET = 16.2;
				MARKETING_VERSION = 1.0;
				PRODUCT_BUNDLE_IDENTIFIER = totSamiiAnatolii.CurrencyConverterTests;
				PRODUCT_NAME = "$(TARGET_NAME)";
				SWIFT_EMIT_LOC_STRINGS = NO;
				SWIFT_VERSION = 5.0;
				TARGETED_DEVICE_FAMILY = "1,2";
				TEST_HOST = "$(BUILT_PRODUCTS_DIR)/CurrencyConverter.app/$(BUNDLE_EXECUTABLE_FOLDER_PATH)/CurrencyConverter";
			};
			name = Release;
		};
		180212BB2A1A424300609F44 /* Debug */ = {
			isa = XCBuildConfiguration;
			buildSettings = {
				ALWAYS_EMBED_SWIFT_STANDARD_LIBRARIES = YES;
				CODE_SIGN_STYLE = Automatic;
				CURRENT_PROJECT_VERSION = 1;
				DEVELOPMENT_TEAM = WF9NXXAU88;
				GENERATE_INFOPLIST_FILE = YES;
				MARKETING_VERSION = 1.0;
				PRODUCT_BUNDLE_IDENTIFIER = totSamiiAnatolii.CurrencyConverterUITests;
				PRODUCT_NAME = "$(TARGET_NAME)";
				SWIFT_EMIT_LOC_STRINGS = NO;
				SWIFT_VERSION = 5.0;
				TARGETED_DEVICE_FAMILY = "1,2";
				TEST_TARGET_NAME = CurrencyConverter;
			};
			name = Debug;
		};
		180212BC2A1A424300609F44 /* Release */ = {
			isa = XCBuildConfiguration;
			buildSettings = {
				ALWAYS_EMBED_SWIFT_STANDARD_LIBRARIES = YES;
				CODE_SIGN_STYLE = Automatic;
				CURRENT_PROJECT_VERSION = 1;
				DEVELOPMENT_TEAM = WF9NXXAU88;
				GENERATE_INFOPLIST_FILE = YES;
				MARKETING_VERSION = 1.0;
				PRODUCT_BUNDLE_IDENTIFIER = totSamiiAnatolii.CurrencyConverterUITests;
				PRODUCT_NAME = "$(TARGET_NAME)";
				SWIFT_EMIT_LOC_STRINGS = NO;
				SWIFT_VERSION = 5.0;
				TARGETED_DEVICE_FAMILY = "1,2";
				TEST_TARGET_NAME = CurrencyConverter;
			};
			name = Release;
		};
/* End XCBuildConfiguration section */

/* Begin XCConfigurationList section */
		180212852A1A423F00609F44 /* Build configuration list for PBXProject "CurrencyConverter" */ = {
			isa = XCConfigurationList;
			buildConfigurations = (
				180212B22A1A424300609F44 /* Debug */,
				180212B32A1A424300609F44 /* Release */,
			);
			defaultConfigurationIsVisible = 0;
			defaultConfigurationName = Release;
		};
		180212B42A1A424300609F44 /* Build configuration list for PBXNativeTarget "CurrencyConverter" */ = {
			isa = XCConfigurationList;
			buildConfigurations = (
				180212B52A1A424300609F44 /* Debug */,
				180212B62A1A424300609F44 /* Release */,
			);
			defaultConfigurationIsVisible = 0;
			defaultConfigurationName = Release;
		};
		180212B72A1A424300609F44 /* Build configuration list for PBXNativeTarget "CurrencyConverterTests" */ = {
			isa = XCConfigurationList;
			buildConfigurations = (
				180212B82A1A424300609F44 /* Debug */,
				180212B92A1A424300609F44 /* Release */,
			);
			defaultConfigurationIsVisible = 0;
			defaultConfigurationName = Release;
		};
		180212BA2A1A424300609F44 /* Build configuration list for PBXNativeTarget "CurrencyConverterUITests" */ = {
			isa = XCConfigurationList;
			buildConfigurations = (
				180212BB2A1A424300609F44 /* Debug */,
				180212BC2A1A424300609F44 /* Release */,
			);
			defaultConfigurationIsVisible = 0;
			defaultConfigurationName = Release;
		};
/* End XCConfigurationList section */
	};
	rootObject = 180212822A1A423F00609F44 /* Project object */;
}
